
Microsoft Visual Studio Solution File, Format Version 12.00
# Visual Studio 2017
Project("{FAE04EC0-301F-11D3-BF4B-00C04F79EFBC}") = "QuantumMechanic", "QuantumMechanic.csproj", "{CDDD8229-ACBA-D703-E049-39C2F0EDD9E3}"
EndProject
Project("{FAE04EC0-301F-11D3-BF4B-00C04F79EFBC}") = "QuantumMechanic.Editor", "QuantumMechanic.Editor.csproj", "{FC353C37-DAE5-540E-4BEF-12725E5000EC}"
EndProject
Global
	GlobalSection(SolutionConfigurationPlatforms) = preSolution
		Debug|Any CPU = Debug|Any CPU
		Release|Any CPU = Release|Any CPU
	EndGlobalSection
	GlobalSection(ProjectConfigurationPlatforms) = postSolution
		{CDDD8229-ACBA-D703-E049-39C2F0EDD9E3}.Debug|Any CPU.ActiveCfg = Debug|Any CPU
		{CDDD8229-ACBA-D703-E049-39C2F0EDD9E3}.Debug|Any CPU.Build.0 = Debug|Any CPU
		{CDDD8229-ACBA-D703-E049-39C2F0EDD9E3}.Release|Any CPU.ActiveCfg = Release|Any CPU
		{CDDD8229-ACBA-D703-E049-39C2F0EDD9E3}.Release|Any CPU.Build.0 = Release|Any CPU
		{FC353C37-DAE5-540E-4BEF-12725E5000EC}.Debug|Any CPU.ActiveCfg = Debug|Any CPU
		{FC353C37-DAE5-540E-4BEF-12725E5000EC}.Debug|Any CPU.Build.0 = Debug|Any CPU
		{FC353C37-DAE5-540E-4BEF-12725E5000EC}.Release|Any CPU.ActiveCfg = Release|Any CPU
		{FC353C37-DAE5-540E-4BEF-12725E5000EC}.Release|Any CPU.Build.0 = Release|Any CPU
	EndGlobalSection
	GlobalSection(SolutionProperties) = preSolution
		HideSolutionNode = FALSE
	EndGlobalSection
EndGlobal
